
Microsoft Visual Studio Solution File, Format Version 12.00
# Visual Studio 15
VisualStudioVersion = 15.0.27130.2036
MinimumVisualStudioVersion = 10.0.40219.1
Project("{FAE04EC0-301F-11D3-BF4B-00C04F79EFBC}") = "Informer", "Informer\Informer.csproj", "{9B7D45FE-A889-4D10-8DDC-AEBB090551E0}"
EndProject
Global
	GlobalSection(SolutionConfigurationPlatforms) = preSolution
		Debug|Any CPU = Debug|Any CPU
		Release|Any CPU = Release|Any CPU
	EndGlobalSection
	GlobalSection(ProjectConfigurationPlatforms) = postSolution
		{9B7D45FE-A889-4D10-8DDC-AEBB090551E0}.Debug|Any CPU.ActiveCfg = Debug|Any CPU
		{9B7D45FE-A889-4D10-8DDC-AEBB090551E0}.Debug|Any CPU.Build.0 = Debug|Any CPU
		{9B7D45FE-A889-4D10-8DDC-AEBB090551E0}.Release|Any CPU.ActiveCfg = Release|Any CPU
		{9B7D45FE-A889-4D10-8DDC-AEBB090551E0}.Release|Any CPU.Build.0 = Release|Any CPU
	EndGlobalSection
	GlobalSection(SolutionProperties) = preSolution
		HideSolutionNode = FALSE
	EndGlobalSection
	GlobalSection(ExtensibilityGlobals) = postSolution
		SolutionGuid = {337D88C3-40ED-48FC-B3BF-7156D4EB85BC}
	EndGlobalSection
EndGlobal
